# THIS IS AN AUTOGENERATED FILE. DO NOT EDIT THIS FILE DIRECTLY.
# yarn lockfile v1


"@fortawesome/fontawesome-free@^6.1.1":
  version "6.1.1"
  resolved "https://registry.yarnpkg.com/@fortawesome/fontawesome-free/-/fontawesome-free-6.1.1.tgz#bf5d45611ab74890be386712a0e5d998c65ee2a1"
  integrity sha512-J/3yg2AIXc9wznaVqpHVX3Wa5jwKovVF0AMYSnbmcXTiL3PpRPfF58pzWucCwEiCJBp+hCNRLWClTomD8SseKg==

mgrs@1.0.0:
  version "1.0.0"
  resolved "https://registry.yarnpkg.com/mgrs/-/mgrs-1.0.0.tgz#fb91588e78c90025672395cb40b25f7cd6ad1829"
  integrity sha1-+5FYjnjJACVnI5XLQLJffNatGCk=

proj4@^2.8.0:
  version "2.8.0"
  resolved "https://registry.yarnpkg.com/proj4/-/proj4-2.8.0.tgz#b2cb8f3ccd56d4dcc7c3e46155cd02caa804b170"
  integrity sha512-baC+YcD4xsSqJ+CpCZljj2gcQDhlKb+J+Zjv/2KSBwWNjk4M0pafgQsE+mWurd84tflMIsP+7j7mtIpFDHzQfQ==
  dependencies:
    mgrs "1.0.0"
    wkt-parser "^1.3.1"

wkt-parser@^1.3.1:
  version "1.3.2"
  resolved "https://registry.yarnpkg.com/wkt-parser/-/wkt-parser-1.3.2.tgz#deeff04a21edc5b170a60da418e9ed1d1ab0e219"
  integrity sha512-A26BOOo7sHAagyxG7iuRhnKMO7Q3mEOiOT4oGUmohtN/Li5wameeU4S6f8vWw6NADTVKljBs8bzA8JPQgSEMVQ==
